
Microsoft Visual Studio Solution File, Format Version 12.00
# Visual Studio Version 17
VisualStudioVersion = 17.9.34728.123
MinimumVisualStudioVersion = 10.0.40219.1
Project("{FAE04EC0-301F-11D3-BF4B-00C04F79EFBC}") = "phase-1", "phase-1.csproj", "{9B6E949E-67A2-4D20-8225-1275FA5E0C48}"
EndProject
Global
	GlobalSection(SolutionConfigurationPlatforms) = preSolution
		Debug|Any CPU = Debug|Any CPU
		Release|Any CPU = Release|Any CPU
	EndGlobalSection
	GlobalSection(ProjectConfigurationPlatforms) = postSolution
		{9B6E949E-67A2-4D20-8225-1275FA5E0C48}.Debug|Any CPU.ActiveCfg = Debug|Any CPU
		{9B6E949E-67A2-4D20-8225-1275FA5E0C48}.Debug|Any CPU.Build.0 = Debug|Any CPU
		{9B6E949E-67A2-4D20-8225-1275FA5E0C48}.Release|Any CPU.ActiveCfg = Release|Any CPU
		{9B6E949E-67A2-4D20-8225-1275FA5E0C48}.Release|Any CPU.Build.0 = Release|Any CPU
	EndGlobalSection
	GlobalSection(SolutionProperties) = preSolution
		HideSolutionNode = FALSE
	EndGlobalSection
	GlobalSection(ExtensibilityGlobals) = postSolution
		SolutionGuid = {8E02C786-96B8-4752-9E04-B765DF4A368E}
	EndGlobalSection
EndGlobal
